// !$*UTF8*$!
{
	archiveVersion = 1;
	classes = {
	};
	objectVersion = 50;
	objects = {

/* Begin PBXBuildFile section */
		EFB77350232525DF0058FC7C /* AppDelegate.swift in Sources */ = {isa = PBXBuildFile; fileRef = EFB7734F232525DF0058FC7C /* AppDelegate.swift */; };
		EFB77352232525DF0058FC7C /* ViewController.swift in Sources */ = {isa = PBXBuildFile; fileRef = EFB77351232525DF0058FC7C /* ViewController.swift */; };
		EFB77355232525DF0058FC7C /* Main.storyboard in Resources */ = {isa = PBXBuildFile; fileRef = EFB77353232525DF0058FC7C /* Main.storyboard */; };
		EFB77357232525DF0058FC7C /* Assets.xcassets in Resources */ = {isa = PBXBuildFile; fileRef = EFB77356232525DF0058FC7C /* Assets.xcassets */; };
		EFB7735A232525DF0058FC7C /* LaunchScreen.storyboard in Resources */ = {isa = PBXBuildFile; fileRef = EFB77358232525DF0058FC7C /* LaunchScreen.storyboard */; };
		EFB77365232525E00058FC7C /* FindMyLocationNaverMapsTests.swift in Sources */ = {isa = PBXBuildFile; fileRef = EFB77364232525DF0058FC7C /* FindMyLocationNaverMapsTests.swift */; };
		EFB77370232525E00058FC7C /* FindMyLocationNaverMapsUITests.swift in Sources */ = {isa = PBXBuildFile; fileRef = EFB7736F232525E00058FC7C /* FindMyLocationNaverMapsUITests.swift */; };
		EFB7737E232528870058FC7C /* CLLocationDelegate.swift in Sources */ = {isa = PBXBuildFile; fileRef = EFB7737D232528870058FC7C /* CLLocationDelegate.swift */; };
/* End PBXBuildFile section */

/* Begin PBXContainerItemProxy section */
		EFB77361232525DF0058FC7C /* PBXContainerItemProxy */ = {
			isa = PBXContainerItemProxy;
			containerPortal = EFB77344232525DF0058FC7C /* Project object */;
			proxyType = 1;
			remoteGlobalIDString = EFB7734B232525DF0058FC7C;
			remoteInfo = FindMyLocationNaverMaps;
		};
		EFB7736C232525E00058FC7C /* PBXContainerItemProxy */ = {
			isa = PBXContainerItemProxy;
			containerPortal = EFB77344232525DF0058FC7C /* Project object */;
			proxyType = 1;
			remoteGlobalIDString = EFB7734B232525DF0058FC7C;
			remoteInfo = FindMyLocationNaverMaps;
		};
/* End PBXContainerItemProxy section */

/* Begin PBXFileReference section */
		EFB7734C232525DF0058FC7C /* FindMyLocationNaverMaps.app */ = {isa = PBXFileReference; explicitFileType = wrapper.application; includeInIndex = 0; path = FindMyLocationNaverMaps.app; sourceTree = BUILT_PRODUCTS_DIR; };
		EFB7734F232525DF0058FC7C /* AppDelegate.swift */ = {isa = PBXFileReference; lastKnownFileType = sourcecode.swift; path = AppDelegate.swift; sourceTree = "<group>"; };
		EFB77351232525DF0058FC7C /* ViewController.swift */ = {isa = PBXFileReference; lastKnownFileType = sourcecode.swift; path = ViewController.swift; sourceTree = "<group>"; };
		EFB77354232525DF0058FC7C /* Base */ = {isa = PBXFileReference; lastKnownFileType = file.storyboard; name = Base; path = Base.lproj/Main.storyboard; sourceTree = "<group>"; };
		EFB77356232525DF0058FC7C /* Assets.xcassets */ = {isa = PBXFileReference; lastKnownFileType = folder.assetcatalog; path = Assets.xcassets; sourceTree = "<group>"; };
		EFB77359232525DF0058FC7C /* Base */ = {isa = PBXFileReference; lastKnownFileType = file.storyboard; name = Base; path = Base.lproj/LaunchScreen.storyboard; sourceTree = "<group>"; };
		EFB7735B232525DF0058FC7C /* Info.plist */ = {isa = PBXFileReference; lastKnownFileType = text.plist.xml; path = Info.plist; sourceTree = "<group>"; };
		EFB77360232525DF0058FC7C /* FindMyLocationNaverMapsTests.xctest */ = {isa = PBXFileReference; explicitFileType = wrapper.cfbundle; includeInIndex = 0; path = FindMyLocationNaverMapsTests.xctest; sourceTree = BUILT_PRODUCTS_DIR; };
		EFB77364232525DF0058FC7C /* FindMyLocationNaverMapsTests.swift */ = {isa = PBXFileReference; lastKnownFileType = sourcecode.swift; path = FindMyLocationNaverMapsTests.swift; sourceTree = "<group>"; };
		EFB77366232525E00058FC7C /* Info.plist */ = {isa = PBXFileReference; lastKnownFileType = text.plist.xml; path = Info.plist; sourceTree = "<group>"; };
		EFB7736B232525E00058FC7C /* FindMyLocationNaverMapsUITests.xctest */ = {isa = PBXFileReference; explicitFileType = wrapper.cfbundle; includeInIndex = 0; path = FindMyLocationNaverMapsUITests.xctest; sourceTree = BUILT_PRODUCTS_DIR; };
		EFB7736F232525E00058FC7C /* FindMyLocationNaverMapsUITests.swift */ = {isa = PBXFileReference; lastKnownFileType = sourcecode.swift; path = FindMyLocationNaverMapsUITests.swift; sourceTree = "<group>"; };
		EFB77371232525E00058FC7C /* Info.plist */ = {isa = PBXFileReference; lastKnownFileType = text.plist.xml; path = Info.plist; sourceTree = "<group>"; };
		EFB7737D232528870058FC7C /* CLLocationDelegate.swift */ = {isa = PBXFileReference; lastKnownFileType = sourcecode.swift; path = CLLocationDelegate.swift; sourceTree = "<group>"; };
		EFB77380232537CD0058FC7C /* defaultLocation.gpx */ = {isa = PBXFileReference; lastKnownFileType = text.xml; path = defaultLocation.gpx; sourceTree = "<group>"; };
/* End PBXFileReference section */

/* Begin PBXFrameworksBuildPhase section */
		EFB77349232525DF0058FC7C /* Frameworks */ = {
			isa = PBXFrameworksBuildPhase;
			buildActionMask = 2147483647;
			files = (
			);
			runOnlyForDeploymentPostprocessing = 0;
		};
		EFB7735D232525DF0058FC7C /* Frameworks */ = {
			isa = PBXFrameworksBuildPhase;
			buildActionMask = 2147483647;
			files = (
			);
			runOnlyForDeploymentPostprocessing = 0;
		};
		EFB77368232525E00058FC7C /* Frameworks */ = {
			isa = PBXFrameworksBuildPhase;
			buildActionMask = 2147483647;
			files = (
			);
			runOnlyForDeploymentPostprocessing = 0;
		};
/* End PBXFrameworksBuildPhase section */

/* Begin PBXGroup section */
		EFB77343232525DF0058FC7C = {
			isa = PBXGroup;
			children = (
				EFB7734E232525DF0058FC7C /* FindMyLocationNaverMaps */,
				EFB77363232525DF0058FC7C /* FindMyLocationNaverMapsTests */,
				EFB7736E232525E00058FC7C /* FindMyLocationNaverMapsUITests */,
				EFB7734D232525DF0058FC7C /* Products */,
			);
			sourceTree = "<group>";
		};
		EFB7734D232525DF0058FC7C /* Products */ = {
			isa = PBXGroup;
			children = (
				EFB7734C232525DF0058FC7C /* FindMyLocationNaverMaps.app */,
				EFB77360232525DF0058FC7C /* FindMyLocationNaverMapsTests.xctest */,
				EFB7736B232525E00058FC7C /* FindMyLocationNaverMapsUITests.xctest */,
			);
			name = Products;
			sourceTree = "<group>";
		};
		EFB7734E232525DF0058FC7C /* FindMyLocationNaverMaps */ = {
			isa = PBXGroup;
			children = (
				EFB7737F2325289D0058FC7C /* Extension */,
				EFB7734F232525DF0058FC7C /* AppDelegate.swift */,
				EFB77351232525DF0058FC7C /* ViewController.swift */,
				EFB77353232525DF0058FC7C /* Main.storyboard */,
				EFB77356232525DF0058FC7C /* Assets.xcassets */,
				EFB77358232525DF0058FC7C /* LaunchScreen.storyboard */,
				EFB7735B232525DF0058FC7C /* Info.plist */,
				EFB77380232537CD0058FC7C /* defaultLocation.gpx */,
			);
			path = FindMyLocationNaverMaps;
			sourceTree = "<group>";
		};
		EFB77363232525DF0058FC7C /* FindMyLocationNaverMapsTests */ = {
			isa = PBXGroup;
			children = (
				EFB77364232525DF0058FC7C /* FindMyLocationNaverMapsTests.swift */,
				EFB77366232525E00058FC7C /* Info.plist */,
			);
			path = FindMyLocationNaverMapsTests;
			sourceTree = "<group>";
		};
		EFB7736E232525E00058FC7C /* FindMyLocationNaverMapsUITests */ = {
			isa = PBXGroup;
			children = (
				EFB7736F232525E00058FC7C /* FindMyLocationNaverMapsUITests.swift */,
				EFB77371232525E00058FC7C /* Info.plist */,
			);
			path = FindMyLocationNaverMapsUITests;
			sourceTree = "<group>";
		};
		EFB7737F2325289D0058FC7C /* Extension */ = {
			isa = PBXGroup;
			children = (
				EFB7737D232528870058FC7C /* CLLocationDelegate.swift */,
			);
			path = Extension;
			sourceTree = "<group>";
		};
/* End PBXGroup section */

/* Begin PBXNativeTarget section */
		EFB7734B232525DF0058FC7C /* FindMyLocationNaverMaps */ = {
			isa = PBXNativeTarget;
			buildConfigurationList = EFB77374232525E00058FC7C /* Build configuration list for PBXNativeTarget "FindMyLocationNaverMaps" */;
			buildPhases = (
				EFB77348232525DF0058FC7C /* Sources */,
				EFB77349232525DF0058FC7C /* Frameworks */,
				EFB7734A232525DF0058FC7C /* Resources */,
			);
			buildRules = (
			);
			dependencies = (
			);
			name = FindMyLocationNaverMaps;
			productName = FindMyLocationNaverMaps;
			productReference = EFB7734C232525DF0058FC7C /* FindMyLocationNaverMaps.app */;
			productType = "com.apple.product-type.application";
		};
		EFB7735F232525DF0058FC7C /* FindMyLocationNaverMapsTests */ = {
			isa = PBXNativeTarget;
			buildConfigurationList = EFB77377232525E00058FC7C /* Build configuration list for PBXNativeTarget "FindMyLocationNaverMapsTests" */;
			buildPhases = (
				EFB7735C232525DF0058FC7C /* Sources */,
				EFB7735D232525DF0058FC7C /* Frameworks */,
				EFB7735E232525DF0058FC7C /* Resources */,
			);
			buildRules = (
			);
			dependencies = (
				EFB77362232525DF0058FC7C /* PBXTargetDependency */,
			);
			name = FindMyLocationNaverMapsTests;
			productName = FindMyLocationNaverMapsTests;
			productReference = EFB77360232525DF0058FC7C /* FindMyLocationNaverMapsTests.xctest */;
			productType = "com.apple.product-type.bundle.unit-test";
		};
		EFB7736A232525E00058FC7C /* FindMyLocationNaverMapsUITests */ = {
			isa = PBXNativeTarget;
			buildConfigurationList = EFB7737A232525E00058FC7C /* Build configuration list for PBXNativeTarget "FindMyLocationNaverMapsUITests" */;
			buildPhases = (
				EFB77367232525E00058FC7C /* Sources */,
				EFB77368232525E00058FC7C /* Frameworks */,
				EFB77369232525E00058FC7C /* Resources */,
			);
			buildRules = (
			);
			dependencies = (
				EFB7736D232525E00058FC7C /* PBXTargetDependency */,
			);
			name = FindMyLocationNaverMapsUITests;
			productName = FindMyLocationNaverMapsUITests;
			productReference = EFB7736B232525E00058FC7C /* FindMyLocationNaverMapsUITests.xctest */;
			productType = "com.apple.product-type.bundle.ui-testing";
		};
/* End PBXNativeTarget section */

/* Begin PBXProject section */
		EFB77344232525DF0058FC7C /* Project object */ = {
			isa = PBXProject;
			attributes = {
				LastSwiftUpdateCheck = 1030;
				LastUpgradeCheck = 1030;
				ORGANIZATIONNAME = "youngjun goo";
				TargetAttributes = {
					EFB7734B232525DF0058FC7C = {
						CreatedOnToolsVersion = 10.3;
					};
					EFB7735F232525DF0058FC7C = {
						CreatedOnToolsVersion = 10.3;
						TestTargetID = EFB7734B232525DF0058FC7C;
					};
					EFB7736A232525E00058FC7C = {
						CreatedOnToolsVersion = 10.3;
						TestTargetID = EFB7734B232525DF0058FC7C;
					};
				};
			};
			buildConfigurationList = EFB77347232525DF0058FC7C /* Build configuration list for PBXProject "FindMyLocationNaverMaps" */;
			compatibilityVersion = "Xcode 9.3";
			developmentRegion = en;
			hasScannedForEncodings = 0;
			knownRegions = (
				en,
				Base,
			);
			mainGroup = EFB77343232525DF0058FC7C;
			productRefGroup = EFB7734D232525DF0058FC7C /* Products */;
			projectDirPath = "";
			projectRoot = "";
			targets = (
				EFB7734B232525DF0058FC7C /* FindMyLocationNaverMaps */,
				EFB7735F232525DF0058FC7C /* FindMyLocationNaverMapsTests */,
				EFB7736A232525E00058FC7C /* FindMyLocationNaverMapsUITests */,
			);
		};
/* End PBXProject section */

/* Begin PBXResourcesBuildPhase section */
		EFB7734A232525DF0058FC7C /* Resources */ = {
			isa = PBXResourcesBuildPhase;
			buildActionMask = 2147483647;
			files = (
				EFB7735A232525DF0058FC7C /* LaunchScreen.storyboard in Resources */,
				EFB77357232525DF0058FC7C /* Assets.xcassets in Resources */,
				EFB77355232525DF0058FC7C /* Main.storyboard in Resources */,
			);
			runOnlyForDeploymentPostprocessing = 0;
		};
		EFB7735E232525DF0058FC7C /* Resources */ = {
			isa = PBXResourcesBuildPhase;
			buildActionMask = 2147483647;
			files = (
			);
			runOnlyForDeploymentPostprocessing = 0;
		};
		EFB77369232525E00058FC7C /* Resources */ = {
			isa = PBXResourcesBuildPhase;
			buildActionMask = 2147483647;
			files = (
			);
			runOnlyForDeploymentPostprocessing = 0;
		};
/* End PBXResourcesBuildPhase section */

/* Begin PBXSourcesBuildPhase section */
		EFB77348232525DF0058FC7C /* Sources */ = {
			isa = PBXSourcesBuildPhase;
			buildActionMask = 2147483647;
			files = (
				EFB77352232525DF0058FC7C /* ViewController.swift in Sources */,
				EFB7737E232528870058FC7C /* CLLocationDelegate.swift in Sources */,
				EFB77350232525DF0058FC7C /* AppDelegate.swift in Sources */,
			);
			runOnlyForDeploymentPostprocessing = 0;
		};
		EFB7735C232525DF0058FC7C /* Sources */ = {
			isa = PBXSourcesBuildPhase;
			buildActionMask = 2147483647;
			files = (
				EFB77365232525E00058FC7C /* FindMyLocationNaverMapsTests.swift in Sources */,
			);
			runOnlyForDeploymentPostprocessing = 0;
		};
		EFB77367232525E00058FC7C /* Sources */ = {
			isa = PBXSourcesBuildPhase;
			buildActionMask = 2147483647;
			files = (
				EFB77370232525E00058FC7C /* FindMyLocationNaverMapsUITests.swift in Sources */,
			);
			runOnlyForDeploymentPostprocessing = 0;
		};
/* End PBXSourcesBuildPhase section */

/* Begin PBXTargetDependency section */
		EFB77362232525DF0058FC7C /* PBXTargetDependency */ = {
			isa = PBXTargetDependency;
			target = EFB7734B232525DF0058FC7C /* FindMyLocationNaverMaps */;
			targetProxy = EFB77361232525DF0058FC7C /* PBXContainerItemProxy */;
		};
		EFB7736D232525E00058FC7C /* PBXTargetDependency */ = {
			isa = PBXTargetDependency;
			target = EFB7734B232525DF0058FC7C /* FindMyLocationNaverMaps */;
			targetProxy = EFB7736C232525E00058FC7C /* PBXContainerItemProxy */;
		};
/* End PBXTargetDependency section */

/* Begin PBXVariantGroup section */
		EFB77353232525DF0058FC7C /* Main.storyboard */ = {
			isa = PBXVariantGroup;
			children = (
				EFB77354232525DF0058FC7C /* Base */,
			);
			name = Main.storyboard;
			sourceTree = "<group>";
		};
		EFB77358232525DF0058FC7C /* LaunchScreen.storyboard */ = {
			isa = PBXVariantGroup;
			children = (
				EFB77359232525DF0058FC7C /* Base */,
			);
			name = LaunchScreen.storyboard;
			sourceTree = "<group>";
		};
/* End PBXVariantGroup section */

/* Begin XCBuildConfiguration section */
		EFB77372232525E00058FC7C /* Debug */ = {
			isa = XCBuildConfiguration;
			buildSettings = {
				ALWAYS_SEARCH_USER_PATHS = NO;
				CLANG_ANALYZER_NONNULL = YES;
				CLANG_ANALYZER_NUMBER_OBJECT_CONVERSION = YES_AGGRESSIVE;
				CLANG_CXX_LANGUAGE_STANDARD = "gnu++14";
				CLANG_CXX_LIBRARY = "libc++";
				CLANG_ENABLE_MODULES = YES;
				CLANG_ENABLE_OBJC_ARC = YES;
				CLANG_ENABLE_OBJC_WEAK = YES;
				CLANG_WARN_BLOCK_CAPTURE_AUTORELEASING = YES;
				CLANG_WARN_BOOL_CONVERSION = YES;
				CLANG_WARN_COMMA = YES;
				CLANG_WARN_CONSTANT_CONVERSION = YES;
				CLANG_WARN_DEPRECATED_OBJC_IMPLEMENTATIONS = YES;
				CLANG_WARN_DIRECT_OBJC_ISA_USAGE = YES_ERROR;
				CLANG_WARN_DOCUMENTATION_COMMENTS = YES;
				CLANG_WARN_EMPTY_BODY = YES;
				CLANG_WARN_ENUM_CONVERSION = YES;
				CLANG_WARN_INFINITE_RECURSION = YES;
				CLANG_WARN_INT_CONVERSION = YES;
				CLANG_WARN_NON_LITERAL_NULL_CONVERSION = YES;
				CLANG_WARN_OBJC_IMPLICIT_RETAIN_SELF = YES;
				CLANG_WARN_OBJC_LITERAL_CONVERSION = YES;
				CLANG_WARN_OBJC_ROOT_CLASS = YES_ERROR;
				CLANG_WARN_RANGE_LOOP_ANALYSIS = YES;
				CLANG_WARN_STRICT_PROTOTYPES = YES;
				CLANG_WARN_SUSPICIOUS_MOVE = YES;
				CLANG_WARN_UNGUARDED_AVAILABILITY = YES_AGGRESSIVE;
				CLANG_WARN_UNREACHABLE_CODE = YES;
				CLANG_WARN__DUPLICATE_METHOD_MATCH = YES;
				CODE_SIGN_IDENTITY = "iPhone Developer";
				COPY_PHASE_STRIP = NO;
				DEBUG_INFORMATION_FORMAT = dwarf;
				ENABLE_STRICT_OBJC_MSGSEND = YES;
				ENABLE_TESTABILITY = YES;
				GCC_C_LANGUAGE_STANDARD = gnu11;
				GCC_DYNAMIC_NO_PIC = NO;
				GCC_NO_COMMON_BLOCKS = YES;
				GCC_OPTIMIZATION_LEVEL = 0;
				GCC_PREPROCESSOR_DEFINITIONS = (
					"DEBUG=1",
					"$(inherited)",
				);
				GCC_WARN_64_TO_32_BIT_CONVERSION = YES;
				GCC_WARN_ABOUT_RETURN_TYPE = YES_ERROR;
				GCC_WARN_UNDECLARED_SELECTOR = YES;
				GCC_WARN_UNINITIALIZED_AUTOS = YES_AGGRESSIVE;
				GCC_WARN_UNUSED_FUNCTION = YES;
				GCC_WARN_UNUSED_VARIABLE = YES;
				IPHONEOS_DEPLOYMENT_TARGET = 12.4;
				MTL_ENABLE_DEBUG_INFO = INCLUDE_SOURCE;
				MTL_FAST_MATH = YES;
				ONLY_ACTIVE_ARCH = YES;
				SDKROOT = iphoneos;
				SWIFT_ACTIVE_COMPILATION_CONDITIONS = DEBUG;
				SWIFT_OPTIMIZATION_LEVEL = "-Onone";
			};
			name = Debug;
		};
		EFB77373232525E00058FC7C /* Release */ = {
			isa = XCBuildConfiguration;
			buildSettings = {
				ALWAYS_SEARCH_USER_PATHS = NO;
				CLANG_ANALYZER_NONNULL = YES;
				CLANG_ANALYZER_NUMBER_OBJECT_CONVERSION = YES_AGGRESSIVE;
				CLANG_CXX_LANGUAGE_STANDARD = "gnu++14";
				CLANG_CXX_LIBRARY = "libc++";
				CLANG_ENABLE_MODULES = YES;
				CLANG_ENABLE_OBJC_ARC = YES;
				CLANG_ENABLE_OBJC_WEAK = YES;
				CLANG_WARN_BLOCK_CAPTURE_AUTORELEASING = YES;
				CLANG_WARN_BOOL_CONVERSION = YES;
				CLANG_WARN_COMMA = YES;
				CLANG_WARN_CONSTANT_CONVERSION = YES;
				CLANG_WARN_DEPRECATED_OBJC_IMPLEMENTATIONS = YES;
				CLANG_WARN_DIRECT_OBJC_ISA_USAGE = YES_ERROR;
				CLANG_WARN_DOCUMENTATION_COMMENTS = YES;
				CLANG_WARN_EMPTY_BODY = YES;
				CLANG_WARN_ENUM_CONVERSION = YES;
				CLANG_WARN_INFINITE_RECURSION = YES;
				CLANG_WARN_INT_CONVERSION = YES;
				CLANG_WARN_NON_LITERAL_NULL_CONVERSION = YES;
				CLANG_WARN_OBJC_IMPLICIT_RETAIN_SELF = YES;
				CLANG_WARN_OBJC_LITERAL_CONVERSION = YES;
				CLANG_WARN_OBJC_ROOT_CLASS = YES_ERROR;
				CLANG_WARN_RANGE_LOOP_ANALYSIS = YES;
				CLANG_WARN_STRICT_PROTOTYPES = YES;
				CLANG_WARN_SUSPICIOUS_MOVE = YES;
				CLANG_WARN_UNGUARDED_AVAILABILITY = YES_AGGRESSIVE;
				CLANG_WARN_UNREACHABLE_CODE = YES;
				CLANG_WARN__DUPLICATE_METHOD_MATCH = YES;
				CODE_SIGN_IDENTITY = "iPhone Developer";
				COPY_PHASE_STRIP = NO;
				DEBUG_INFORMATION_FORMAT = "dwarf-with-dsym";
				ENABLE_NS_ASSERTIONS = NO;
				ENABLE_STRICT_OBJC_MSGSEND = YES;
				GCC_C_LANGUAGE_STANDARD = gnu11;
				GCC_NO_COMMON_BLOCKS = YES;
				GCC_WARN_64_TO_32_BIT_CONVERSION = YES;
				GCC_WARN_ABOUT_RETURN_TYPE = YES_ERROR;
				GCC_WARN_UNDECLARED_SELECTOR = YES;
				GCC_WARN_UNINITIALIZED_AUTOS = YES_AGGRESSIVE;
				GCC_WARN_UNUSED_FUNCTION = YES;
				GCC_WARN_UNUSED_VARIABLE = YES;
				IPHONEOS_DEPLOYMENT_TARGET = 12.4;
				MTL_ENABLE_DEBUG_INFO = NO;
				MTL_FAST_MATH = YES;
				SDKROOT = iphoneos;
				SWIFT_COMPILATION_MODE = wholemodule;
				SWIFT_OPTIMIZATION_LEVEL = "-O";
				VALIDATE_PRODUCT = YES;
			};
			name = Release;
		};
		EFB77375232525E00058FC7C /* Debug */ = {
			isa = XCBuildConfiguration;
			buildSettings = {
				ASSETCATALOG_COMPILER_APPICON_NAME = AppIcon;
				CODE_SIGN_STYLE = Automatic;
				DEVELOPMENT_TEAM = 5CLQV3W6FV;
				INFOPLIST_FILE = FindMyLocationNaverMaps/Info.plist;
				LD_RUNPATH_SEARCH_PATHS = (
					"$(inherited)",
					"@executable_path/Frameworks",
				);
				PRODUCT_BUNDLE_IDENTIFIER = youngjun.NaverMap;
				PRODUCT_NAME = "$(TARGET_NAME)";
				SWIFT_VERSION = 5.0;
				TARGETED_DEVICE_FAMILY = "1,2";
			};
			name = Debug;
		};
		EFB77376232525E00058FC7C /* Release */ = {
			isa = XCBuildConfiguration;
			buildSettings = {
				ASSETCATALOG_COMPILER_APPICON_NAME = AppIcon;
				CODE_SIGN_STYLE = Automatic;
				DEVELOPMENT_TEAM = 5CLQV3W6FV;
				INFOPLIST_FILE = FindMyLocationNaverMaps/Info.plist;
				LD_RUNPATH_SEARCH_PATHS = (
					"$(inherited)",
					"@executable_path/Frameworks",
				);
				PRODUCT_BUNDLE_IDENTIFIER = youngjun.NaverMap;
				PRODUCT_NAME = "$(TARGET_NAME)";
				SWIFT_VERSION = 5.0;
				TARGETED_DEVICE_FAMILY = "1,2";
			};
			name = Release;
		};
		EFB77378232525E00058FC7C /* Debug */ = {
			isa = XCBuildConfiguration;
			buildSettings = {
				ALWAYS_EMBED_SWIFT_STANDARD_LIBRARIES = YES;
				BUNDLE_LOADER = "$(TEST_HOST)";
				CODE_SIGN_STYLE = Automatic;
				DEVELOPMENT_TEAM = 5CLQV3W6FV;
				INFOPLIST_FILE = FindMyLocationNaverMapsTests/Info.plist;
				LD_RUNPATH_SEARCH_PATHS = (
					"$(inherited)",
					"@executable_path/Frameworks",
					"@loader_path/Frameworks",
				);
				PRODUCT_BUNDLE_IDENTIFIER = net.youngjun.FindMyLocationNaverMapsTests;
				PRODUCT_NAME = "$(TARGET_NAME)";
				SWIFT_VERSION = 5.0;
				TARGETED_DEVICE_FAMILY = "1,2";
				TEST_HOST = "$(BUILT_PRODUCTS_DIR)/FindMyLocationNaverMaps.app/FindMyLocationNaverMaps";
			};
			name = Debug;
		};
		EFB77379232525E00058FC7C /* Release */ = {
			isa = XCBuildConfiguration;
			buildSettings = {
				ALWAYS_EMBED_SWIFT_STANDARD_LIBRARIES = YES;
				BUNDLE_LOADER = "$(TEST_HOST)";
				CODE_SIGN_STYLE = Automatic;
				DEVELOPMENT_TEAM = 5CLQV3W6FV;
				INFOPLIST_FILE = FindMyLocationNaverMapsTests/Info.plist;
				LD_RUNPATH_SEARCH_PATHS = (
					"$(inherited)",
					"@executable_path/Frameworks",
					"@loader_path/Frameworks",
				);
				PRODUCT_BUNDLE_IDENTIFIER = net.youngjun.FindMyLocationNaverMapsTests;
				PRODUCT_NAME = "$(TARGET_NAME)";
				SWIFT_VERSION = 5.0;
				TARGETED_DEVICE_FAMILY = "1,2";
				TEST_HOST = "$(BUILT_PRODUCTS_DIR)/FindMyLocationNaverMaps.app/FindMyLocationNaverMaps";
			};
			name = Release;
		};
		EFB7737B232525E00058FC7C /* Debug */ = {
			isa = XCBuildConfiguration;
			buildSettings = {
				ALWAYS_EMBED_SWIFT_STANDARD_LIBRARIES = YES;
				CODE_SIGN_STYLE = Automatic;
				DEVELOPMENT_TEAM = 5CLQV3W6FV;
				INFOPLIST_FILE = FindMyLocationNaverMapsUITests/Info.plist;
				LD_RUNPATH_SEARCH_PATHS = (
					"$(inherited)",
					"@executable_path/Frameworks",
					"@loader_path/Frameworks",
				);
				PRODUCT_BUNDLE_IDENTIFIER = net.youngjun.FindMyLocationNaverMapsUITests;
				PRODUCT_NAME = "$(TARGET_NAME)";
				SWIFT_VERSION = 5.0;
				TARGETED_DEVICE_FAMILY = "1,2";
				TEST_TARGET_NAME = FindMyLocationNaverMaps;
			};
			name = Debug;
		};
		EFB7737C232525E00058FC7C /* Release */ = {
			isa = XCBuildConfiguration;
			buildSettings = {
				ALWAYS_EMBED_SWIFT_STANDARD_LIBRARIES = YES;
				CODE_SIGN_STYLE = Automatic;
				DEVELOPMENT_TEAM = 5CLQV3W6FV;
				INFOPLIST_FILE = FindMyLocationNaverMapsUITests/Info.plist;
				LD_RUNPATH_SEARCH_PATHS = (
					"$(inherited)",
					"@executable_path/Frameworks",
					"@loader_path/Frameworks",
				);
				PRODUCT_BUNDLE_IDENTIFIER = net.youngjun.FindMyLocationNaverMapsUITests;
				PRODUCT_NAME = "$(TARGET_NAME)";
				SWIFT_VERSION = 5.0;
				TARGETED_DEVICE_FAMILY = "1,2";
				TEST_TARGET_NAME = FindMyLocationNaverMaps;
			};
			name = Release;
		};
/* End XCBuildConfiguration section */

/* Begin XCConfigurationList section */
		EFB77347232525DF0058FC7C /* Build configuration list for PBXProject "FindMyLocationNaverMaps" */ = {
			isa = XCConfigurationList;
			buildConfigurations = (
				EFB77372232525E00058FC7C /* Debug */,
				EFB77373232525E00058FC7C /* Release */,
			);
			defaultConfigurationIsVisible = 0;
			defaultConfigurationName = Release;
		};
		EFB77374232525E00058FC7C /* Build configuration list for PBXNativeTarget "FindMyLocationNaverMaps" */ = {
			isa = XCConfigurationList;
			buildConfigurations = (
				EFB77375232525E00058FC7C /* Debug */,
				EFB77376232525E00058FC7C /* Release */,
			);
			defaultConfigurationIsVisible = 0;
			defaultConfigurationName = Release;
		};
		EFB77377232525E00058FC7C /* Build configuration list for PBXNativeTarget "FindMyLocationNaverMapsTests" */ = {
			isa = XCConfigurationList;
			buildConfigurations = (
				EFB77378232525E00058FC7C /* Debug */,
				EFB77379232525E00058FC7C /* Release */,
			);
			defaultConfigurationIsVisible = 0;
			defaultConfigurationName = Release;
		};
		EFB7737A232525E00058FC7C /* Build configuration list for PBXNativeTarget "FindMyLocationNaverMapsUITests" */ = {
			isa = XCConfigurationList;
			buildConfigurations = (
				EFB7737B232525E00058FC7C /* Debug */,
				EFB7737C232525E00058FC7C /* Release */,
			);
			defaultConfigurationIsVisible = 0;
			defaultConfigurationName = Release;
		};
/* End XCConfigurationList section */
	};
	rootObject = EFB77344232525DF0058FC7C /* Project object */;
}
